
Microsoft Visual Studio Solution File, Format Version 12.00
# Visual Studio Version 17
VisualStudioVersion = 17.10.34928.147
MinimumVisualStudioVersion = 10.0.40219.1
Project("{FAE04EC0-301F-11D3-BF4B-00C04F79EFBC}") = "WinFormEmpleados", "WinFormEmpleados.csproj", "{9456DF0E-35D5-4AF0-8263-6D0F14AC59A9}"
EndProject
Global
	GlobalSection(SolutionConfigurationPlatforms) = preSolution
		Debug|Any CPU = Debug|Any CPU
		Release|Any CPU = Release|Any CPU
	EndGlobalSection
	GlobalSection(ProjectConfigurationPlatforms) = postSolution
		{9456DF0E-35D5-4AF0-8263-6D0F14AC59A9}.Debug|Any CPU.ActiveCfg = Debug|Any CPU
		{9456DF0E-35D5-4AF0-8263-6D0F14AC59A9}.Debug|Any CPU.Build.0 = Debug|Any CPU
		{9456DF0E-35D5-4AF0-8263-6D0F14AC59A9}.Release|Any CPU.ActiveCfg = Release|Any CPU
		{9456DF0E-35D5-4AF0-8263-6D0F14AC59A9}.Release|Any CPU.Build.0 = Release|Any CPU
	EndGlobalSection
	GlobalSection(SolutionProperties) = preSolution
		HideSolutionNode = FALSE
	EndGlobalSection
	GlobalSection(ExtensibilityGlobals) = postSolution
		SolutionGuid = {8FE1B046-CD2A-45D0-9656-A203D3288165}
	EndGlobalSection
EndGlobal
